
Microsoft Visual Studio Solution File, Format Version 12.00
# Visual Studio Version 16
VisualStudioVersion = 16.0.28803.452
MinimumVisualStudioVersion = 10.0.40219.1
Project("{FAE04EC0-301F-11D3-BF4B-00C04F79EFBC}") = "NConsoler", "NConsoler\NConsoler.csproj", "{A7194909-95FA-4331-8ABF-2FEA9F1794B6}"
EndProject
Global
	GlobalSection(SolutionConfigurationPlatforms) = preSolution
		Debug|Any CPU = Debug|Any CPU
		Release|Any CPU = Release|Any CPU
	EndGlobalSection
	GlobalSection(ProjectConfigurationPlatforms) = postSolution
		{A7194909-95FA-4331-8ABF-2FEA9F1794B6}.Debug|Any CPU.ActiveCfg = Debug|Any CPU
		{A7194909-95FA-4331-8ABF-2FEA9F1794B6}.Debug|Any CPU.Build.0 = Debug|Any CPU
		{A7194909-95FA-4331-8ABF-2FEA9F1794B6}.Release|Any CPU.ActiveCfg = Release|Any CPU
		{A7194909-95FA-4331-8ABF-2FEA9F1794B6}.Release|Any CPU.Build.0 = Release|Any CPU
	EndGlobalSection
	GlobalSection(SolutionProperties) = preSolution
		HideSolutionNode = FALSE
	EndGlobalSection
	GlobalSection(ExtensibilityGlobals) = postSolution
		SolutionGuid = {59035B41-1BFC-4646-9578-3D9D6CBF2AE0}
	EndGlobalSection
EndGlobal
