
Microsoft Visual Studio Solution File, Format Version 11.00
# Visual Studio 2010
Project("{FAE04EC0-301F-11D3-BF4B-00C04F79EFBC}") = "Core", "Core\Core.csproj", "{AE93694E-4528-4DB4-BA2C-A0DC171141FC}"
EndProject
Project("{FAE04EC0-301F-11D3-BF4B-00C04F79EFBC}") = "Tests", "Tests\Tests.csproj", "{A5D2EC7F-5603-4E4E-BACC-0663DF653411}"
EndProject
Project("{FAE04EC0-301F-11D3-BF4B-00C04F79EFBC}") = "Bench", "Bench\Bench.csproj", "{BD0A8EC0-A733-4BAC-9532-D8F8303DCDC4}"
EndProject
Project("{2150E333-8FDC-42A3-9474-1A3956D46DE8}") = "Examples", "Examples", "{E209BFD6-5349-4D0F-B23A-1C4FFB1F45B3}"
EndProject
Project("{FAE04EC0-301F-11D3-BF4B-00C04F79EFBC}") = "HelloWorld", "..\Examples\HelloWorld\HelloWorld.csproj", "{55C300C5-6191-49F6-8994-135BD03ED1F4}"
EndProject
Project("{FAE04EC0-301F-11D3-BF4B-00C04F79EFBC}") = "Multiplier", "..\Examples\Multiplier\Multiplier.csproj", "{9ABC3D42-BD5C-47E6-B453-122F962198EF}"
EndProject
Project("{FAE04EC0-301F-11D3-BF4B-00C04F79EFBC}") = "QuickStart", "..\Examples\QuickStart\QuickStart.csproj", "{81C9C365-8E57-4D06-9C38-1C07684E4EBF}"
EndProject
Project("{FAE04EC0-301F-11D3-BF4B-00C04F79EFBC}") = "Rich", "..\Examples\Rich\Rich.csproj", "{795BB232-32A4-4F2B-B0A7-589C2E16D463}"
EndProject
Project("{FAE04EC0-301F-11D3-BF4B-00C04F79EFBC}") = "Specs", "Specs\Specs.csproj", "{FC5B76E3-2D1F-45F0-AD67-859581786C48}"
EndProject
Project("{FAE04EC0-301F-11D3-BF4B-00C04F79EFBC}") = "Combiner", "Combiner\Combiner.csproj", "{45990BD4-FD94-44DA-8B57-ACED33620EB3}"
EndProject
Global
	GlobalSection(SolutionConfigurationPlatforms) = preSolution
		Debug|Any CPU = Debug|Any CPU
		Debug|Mixed Platforms = Debug|Mixed Platforms
		Debug|x86 = Debug|x86
		Release|Any CPU = Release|Any CPU
		Release|Mixed Platforms = Release|Mixed Platforms
		Release|x86 = Release|x86
	EndGlobalSection
	GlobalSection(ProjectConfigurationPlatforms) = postSolution
		{AE93694E-4528-4DB4-BA2C-A0DC171141FC}.Debug|Any CPU.ActiveCfg = Debug|Any CPU
		{AE93694E-4528-4DB4-BA2C-A0DC171141FC}.Debug|Any CPU.Build.0 = Debug|Any CPU
		{AE93694E-4528-4DB4-BA2C-A0DC171141FC}.Debug|Mixed Platforms.ActiveCfg = Debug|Any CPU
		{AE93694E-4528-4DB4-BA2C-A0DC171141FC}.Debug|Mixed Platforms.Build.0 = Debug|Any CPU
		{AE93694E-4528-4DB4-BA2C-A0DC171141FC}.Debug|x86.ActiveCfg = Debug|Any CPU
		{AE93694E-4528-4DB4-BA2C-A0DC171141FC}.Release|Any CPU.ActiveCfg = Release|Any CPU
		{AE93694E-4528-4DB4-BA2C-A0DC171141FC}.Release|Any CPU.Build.0 = Release|Any CPU
		{AE93694E-4528-4DB4-BA2C-A0DC171141FC}.Release|Mixed Platforms.ActiveCfg = Release|Any CPU
		{AE93694E-4528-4DB4-BA2C-A0DC171141FC}.Release|Mixed Platforms.Build.0 = Release|Any CPU
		{AE93694E-4528-4DB4-BA2C-A0DC171141FC}.Release|x86.ActiveCfg = Release|Any CPU
		{A5D2EC7F-5603-4E4E-BACC-0663DF653411}.Debug|Any CPU.ActiveCfg = Debug|Any CPU
		{A5D2EC7F-5603-4E4E-BACC-0663DF653411}.Debug|Any CPU.Build.0 = Debug|Any CPU
		{A5D2EC7F-5603-4E4E-BACC-0663DF653411}.Debug|Mixed Platforms.ActiveCfg = Debug|Any CPU
		{A5D2EC7F-5603-4E4E-BACC-0663DF653411}.Debug|Mixed Platforms.Build.0 = Debug|Any CPU
		{A5D2EC7F-5603-4E4E-BACC-0663DF653411}.Debug|x86.ActiveCfg = Debug|Any CPU
		{A5D2EC7F-5603-4E4E-BACC-0663DF653411}.Release|Any CPU.ActiveCfg = Release|Any CPU
		{A5D2EC7F-5603-4E4E-BACC-0663DF653411}.Release|Any CPU.Build.0 = Release|Any CPU
		{A5D2EC7F-5603-4E4E-BACC-0663DF653411}.Release|Mixed Platforms.ActiveCfg = Release|Any CPU
		{A5D2EC7F-5603-4E4E-BACC-0663DF653411}.Release|Mixed Platforms.Build.0 = Release|Any CPU
		{A5D2EC7F-5603-4E4E-BACC-0663DF653411}.Release|x86.ActiveCfg = Release|Any CPU
		{BD0A8EC0-A733-4BAC-9532-D8F8303DCDC4}.Debug|Any CPU.ActiveCfg = Debug|Any CPU
		{BD0A8EC0-A733-4BAC-9532-D8F8303DCDC4}.Debug|Any CPU.Build.0 = Debug|Any CPU
		{BD0A8EC0-A733-4BAC-9532-D8F8303DCDC4}.Debug|Mixed Platforms.ActiveCfg = Debug|Any CPU
		{BD0A8EC0-A733-4BAC-9532-D8F8303DCDC4}.Debug|Mixed Platforms.Build.0 = Debug|Any CPU
		{BD0A8EC0-A733-4BAC-9532-D8F8303DCDC4}.Debug|x86.ActiveCfg = Debug|Any CPU
		{BD0A8EC0-A733-4BAC-9532-D8F8303DCDC4}.Release|Any CPU.ActiveCfg = Release|Any CPU
		{BD0A8EC0-A733-4BAC-9532-D8F8303DCDC4}.Release|Any CPU.Build.0 = Release|Any CPU
		{BD0A8EC0-A733-4BAC-9532-D8F8303DCDC4}.Release|Mixed Platforms.ActiveCfg = Release|Any CPU
		{BD0A8EC0-A733-4BAC-9532-D8F8303DCDC4}.Release|Mixed Platforms.Build.0 = Release|Any CPU
		{BD0A8EC0-A733-4BAC-9532-D8F8303DCDC4}.Release|x86.ActiveCfg = Release|Any CPU
		{55C300C5-6191-49F6-8994-135BD03ED1F4}.Debug|Any CPU.ActiveCfg = Debug|Any CPU
		{55C300C5-6191-49F6-8994-135BD03ED1F4}.Debug|Any CPU.Build.0 = Debug|Any CPU
		{55C300C5-6191-49F6-8994-135BD03ED1F4}.Debug|Mixed Platforms.ActiveCfg = Debug|Any CPU
		{55C300C5-6191-49F6-8994-135BD03ED1F4}.Debug|Mixed Platforms.Build.0 = Debug|Any CPU
		{55C300C5-6191-49F6-8994-135BD03ED1F4}.Debug|x86.ActiveCfg = Debug|Any CPU
		{55C300C5-6191-49F6-8994-135BD03ED1F4}.Release|Any CPU.ActiveCfg = Release|Any CPU
		{55C300C5-6191-49F6-8994-135BD03ED1F4}.Release|Any CPU.Build.0 = Release|Any CPU
		{55C300C5-6191-49F6-8994-135BD03ED1F4}.Release|Mixed Platforms.ActiveCfg = Release|Any CPU
		{55C300C5-6191-49F6-8994-135BD03ED1F4}.Release|Mixed Platforms.Build.0 = Release|Any CPU
		{55C300C5-6191-49F6-8994-135BD03ED1F4}.Release|x86.ActiveCfg = Release|Any CPU
		{9ABC3D42-BD5C-47E6-B453-122F962198EF}.Debug|Any CPU.ActiveCfg = Debug|Any CPU
		{9ABC3D42-BD5C-47E6-B453-122F962198EF}.Debug|Any CPU.Build.0 = Debug|Any CPU
		{9ABC3D42-BD5C-47E6-B453-122F962198EF}.Debug|Mixed Platforms.ActiveCfg = Debug|Any CPU
		{9ABC3D42-BD5C-47E6-B453-122F962198EF}.Debug|Mixed Platforms.Build.0 = Debug|Any CPU
		{9ABC3D42-BD5C-47E6-B453-122F962198EF}.Debug|x86.ActiveCfg = Debug|Any CPU
		{9ABC3D42-BD5C-47E6-B453-122F962198EF}.Release|Any CPU.ActiveCfg = Release|Any CPU
		{9ABC3D42-BD5C-47E6-B453-122F962198EF}.Release|Any CPU.Build.0 = Release|Any CPU
		{9ABC3D42-BD5C-47E6-B453-122F962198EF}.Release|Mixed Platforms.ActiveCfg = Release|Any CPU
		{9ABC3D42-BD5C-47E6-B453-122F962198EF}.Release|Mixed Platforms.Build.0 = Release|Any CPU
		{9ABC3D42-BD5C-47E6-B453-122F962198EF}.Release|x86.ActiveCfg = Release|Any CPU
		{81C9C365-8E57-4D06-9C38-1C07684E4EBF}.Debug|Any CPU.ActiveCfg = Debug|Any CPU
		{81C9C365-8E57-4D06-9C38-1C07684E4EBF}.Debug|Any CPU.Build.0 = Debug|Any CPU
		{81C9C365-8E57-4D06-9C38-1C07684E4EBF}.Debug|Mixed Platforms.ActiveCfg = Debug|Any CPU
		{81C9C365-8E57-4D06-9C38-1C07684E4EBF}.Debug|Mixed Platforms.Build.0 = Debug|Any CPU
		{81C9C365-8E57-4D06-9C38-1C07684E4EBF}.Debug|x86.ActiveCfg = Debug|Any CPU
		{81C9C365-8E57-4D06-9C38-1C07684E4EBF}.Release|Any CPU.ActiveCfg = Release|Any CPU
		{81C9C365-8E57-4D06-9C38-1C07684E4EBF}.Release|Any CPU.Build.0 = Release|Any CPU
		{81C9C365-8E57-4D06-9C38-1C07684E4EBF}.Release|Mixed Platforms.ActiveCfg = Release|Any CPU
		{81C9C365-8E57-4D06-9C38-1C07684E4EBF}.Release|Mixed Platforms.Build.0 = Release|Any CPU
		{81C9C365-8E57-4D06-9C38-1C07684E4EBF}.Release|x86.ActiveCfg = Release|Any CPU
		{795BB232-32A4-4F2B-B0A7-589C2E16D463}.Debug|Any CPU.ActiveCfg = Debug|Any CPU
		{795BB232-32A4-4F2B-B0A7-589C2E16D463}.Debug|Any CPU.Build.0 = Debug|Any CPU
		{795BB232-32A4-4F2B-B0A7-589C2E16D463}.Debug|Mixed Platforms.ActiveCfg = Debug|Any CPU
		{795BB232-32A4-4F2B-B0A7-589C2E16D463}.Debug|Mixed Platforms.Build.0 = Debug|Any CPU
		{795BB232-32A4-4F2B-B0A7-589C2E16D463}.Debug|x86.ActiveCfg = Debug|Any CPU
		{795BB232-32A4-4F2B-B0A7-589C2E16D463}.Release|Any CPU.ActiveCfg = Release|Any CPU
		{795BB232-32A4-4F2B-B0A7-589C2E16D463}.Release|Any CPU.Build.0 = Release|Any CPU
		{795BB232-32A4-4F2B-B0A7-589C2E16D463}.Release|Mixed Platforms.ActiveCfg = Release|Any CPU
		{795BB232-32A4-4F2B-B0A7-589C2E16D463}.Release|Mixed Platforms.Build.0 = Release|Any CPU
		{795BB232-32A4-4F2B-B0A7-589C2E16D463}.Release|x86.ActiveCfg = Release|Any CPU
		{FC5B76E3-2D1F-45F0-AD67-859581786C48}.Debug|Any CPU.ActiveCfg = Debug|Any CPU
		{FC5B76E3-2D1F-45F0-AD67-859581786C48}.Debug|Any CPU.Build.0 = Debug|Any CPU
		{FC5B76E3-2D1F-45F0-AD67-859581786C48}.Debug|Mixed Platforms.ActiveCfg = Debug|Any CPU
		{FC5B76E3-2D1F-45F0-AD67-859581786C48}.Debug|Mixed Platforms.Build.0 = Debug|Any CPU
		{FC5B76E3-2D1F-45F0-AD67-859581786C48}.Debug|x86.ActiveCfg = Debug|Any CPU
		{FC5B76E3-2D1F-45F0-AD67-859581786C48}.Release|Any CPU.ActiveCfg = Release|Any CPU
		{FC5B76E3-2D1F-45F0-AD67-859581786C48}.Release|Any CPU.Build.0 = Release|Any CPU
		{FC5B76E3-2D1F-45F0-AD67-859581786C48}.Release|Mixed Platforms.ActiveCfg = Release|Any CPU
		{FC5B76E3-2D1F-45F0-AD67-859581786C48}.Release|Mixed Platforms.Build.0 = Release|Any CPU
		{FC5B76E3-2D1F-45F0-AD67-859581786C48}.Release|x86.ActiveCfg = Release|Any CPU
		{45990BD4-FD94-44DA-8B57-ACED33620EB3}.Debug|Any CPU.ActiveCfg = Debug|Any CPU
		{45990BD4-FD94-44DA-8B57-ACED33620EB3}.Debug|Any CPU.Build.0 = Debug|Any CPU
		{45990BD4-FD94-44DA-8B57-ACED33620EB3}.Debug|Mixed Platforms.ActiveCfg = Debug|Any CPU
		{45990BD4-FD94-44DA-8B57-ACED33620EB3}.Debug|Mixed Platforms.Build.0 = Debug|Any CPU
		{45990BD4-FD94-44DA-8B57-ACED33620EB3}.Debug|x86.ActiveCfg = Debug|Any CPU
		{45990BD4-FD94-44DA-8B57-ACED33620EB3}.Release|Any CPU.ActiveCfg = Release|Any CPU
		{45990BD4-FD94-44DA-8B57-ACED33620EB3}.Release|Any CPU.Build.0 = Release|Any CPU
		{45990BD4-FD94-44DA-8B57-ACED33620EB3}.Release|Mixed Platforms.ActiveCfg = Release|Any CPU
		{45990BD4-FD94-44DA-8B57-ACED33620EB3}.Release|Mixed Platforms.Build.0 = Release|Any CPU
		{45990BD4-FD94-44DA-8B57-ACED33620EB3}.Release|x86.ActiveCfg = Release|Any CPU
	EndGlobalSection
	GlobalSection(SolutionProperties) = preSolution
		HideSolutionNode = FALSE
	EndGlobalSection
	GlobalSection(NestedProjects) = preSolution
		{55C300C5-6191-49F6-8994-135BD03ED1F4} = {E209BFD6-5349-4D0F-B23A-1C4FFB1F45B3}
		{9ABC3D42-BD5C-47E6-B453-122F962198EF} = {E209BFD6-5349-4D0F-B23A-1C4FFB1F45B3}
		{81C9C365-8E57-4D06-9C38-1C07684E4EBF} = {E209BFD6-5349-4D0F-B23A-1C4FFB1F45B3}
		{795BB232-32A4-4F2B-B0A7-589C2E16D463} = {E209BFD6-5349-4D0F-B23A-1C4FFB1F45B3}
	EndGlobalSection
EndGlobal
