
Microsoft Visual Studio Solution File, Format Version 10.00
# Visual Studio 2008
Project("{FAE04EC0-301F-11D3-BF4B-00C04F79EFBC}") = "Multiplier", "Multiplier.csproj", "{9ABC3D42-BD5C-47E6-B453-122F962198EF}"
EndProject
Global
	GlobalSection(SolutionConfigurationPlatforms) = preSolution
		Debug|Any CPU = Debug|Any CPU
		Release|Any CPU = Release|Any CPU
	EndGlobalSection
	GlobalSection(ProjectConfigurationPlatforms) = postSolution
		{9ABC3D42-BD5C-47E6-B453-122F962198EF}.Debug|Any CPU.ActiveCfg = Debug|Any CPU
		{9ABC3D42-BD5C-47E6-B453-122F962198EF}.Debug|Any CPU.Build.0 = Debug|Any CPU
		{9ABC3D42-BD5C-47E6-B453-122F962198EF}.Release|Any CPU.ActiveCfg = Release|Any CPU
		{9ABC3D42-BD5C-47E6-B453-122F962198EF}.Release|Any CPU.Build.0 = Release|Any CPU
	EndGlobalSection
	GlobalSection(SolutionProperties) = preSolution
		HideSolutionNode = FALSE
	EndGlobalSection
EndGlobal
